// !$*UTF8*$!
{
	archiveVersion = 1;
	classes = {
	};
	objectVersion = 50;
	objects = {

/* Begin PBXBuildFile section */
		191E7AE027A1B45A000810DE /* PoliticUserVC.swift in Sources */ = {isa = PBXBuildFile; fileRef = 191E7ADF27A1B45A000810DE /* PoliticUserVC.swift */; };
		191E7AE227A1B469000810DE /* LegalUserVC.swift in Sources */ = {isa = PBXBuildFile; fileRef = 191E7AE127A1B469000810DE /* LegalUserVC.swift */; };
		191E7AE427A1BD82000810DE /* ProfileMassageVC.swift in Sources */ = {isa = PBXBuildFile; fileRef = 191E7AE327A1BD82000810DE /* ProfileMassageVC.swift */; };
		191E7AE627A1BDCC000810DE /* ProfileMassageCell.swift in Sources */ = {isa = PBXBuildFile; fileRef = 191E7AE527A1BDCC000810DE /* ProfileMassageCell.swift */; };
		191E7AEA27A1BE5C000810DE /* PoliticMassageVC.swift in Sources */ = {isa = PBXBuildFile; fileRef = 191E7AE927A1BE5C000810DE /* PoliticMassageVC.swift */; };
		191E7AEC27A1BE6E000810DE /* LegalMassageVC.swift in Sources */ = {isa = PBXBuildFile; fileRef = 191E7AEB27A1BE6E000810DE /* LegalMassageVC.swift */; };
		192318C127A19CBA00B1FAAB /* ModalProfileUserVC.swift in Sources */ = {isa = PBXBuildFile; fileRef = 192318C027A19CBA00B1FAAB /* ModalProfileUserVC.swift */; };
		193D149D27A47941005C8B7A /* Fonts in Resources */ = {isa = PBXBuildFile; fileRef = 193D149C27A47940005C8B7A /* Fonts */; };
		19AD4C8C27A05A57006A3943 /* RegisterViewController.swift in Sources */ = {isa = PBXBuildFile; fileRef = 19AD4C8B27A05A57006A3943 /* RegisterViewController.swift */; };
		19AD4C8E27A062DB006A3943 /* LoginViewController.swift in Sources */ = {isa = PBXBuildFile; fileRef = 19AD4C8D27A062DB006A3943 /* LoginViewController.swift */; };
		19AD4C9127A06E2E006A3943 /* Tatiana.storyboard in Resources */ = {isa = PBXBuildFile; fileRef = 19AD4C9027A06E2E006A3943 /* Tatiana.storyboard */; };
		19AD4C9327A06E3A006A3943 /* Xavi.storyboard in Resources */ = {isa = PBXBuildFile; fileRef = 19AD4C9227A06E3A006A3943 /* Xavi.storyboard */; };
		19AD4C9527A06E4C006A3943 /* Javiergarcia.storyboard in Resources */ = {isa = PBXBuildFile; fileRef = 19AD4C9427A06E4C006A3943 /* Javiergarcia.storyboard */; };
		19AD4C9727A06E5F006A3943 /* Javiercabañas.storyboard in Resources */ = {isa = PBXBuildFile; fileRef = 19AD4C9627A06E5F006A3943 /* Javiercabañas.storyboard */; };
		19B8D2822799CF2100F1EFA9 /* HomeViewController.swift in Sources */ = {isa = PBXBuildFile; fileRef = 19B8D2812799CF2100F1EFA9 /* HomeViewController.swift */; };
		19B8D2842799D02000F1EFA9 /* HomeUserViewController.swift in Sources */ = {isa = PBXBuildFile; fileRef = 19B8D2832799D02000F1EFA9 /* HomeUserViewController.swift */; };
		19F663C5279F199200F724D4 /* ProfileUserViewController.swift in Sources */ = {isa = PBXBuildFile; fileRef = 19F663C4279F199200F724D4 /* ProfileUserViewController.swift */; };
		19F663C7279F1AA400F724D4 /* ProfileUserCell.swift in Sources */ = {isa = PBXBuildFile; fileRef = 19F663C6279F1AA400F724D4 /* ProfileUserCell.swift */; };
		3335E5D82795C742008DF917 /* AppDelegate.swift in Sources */ = {isa = PBXBuildFile; fileRef = 3335E5D72795C742008DF917 /* AppDelegate.swift */; };
		3335E5DA2795C742008DF917 /* SceneDelegate.swift in Sources */ = {isa = PBXBuildFile; fileRef = 3335E5D92795C742008DF917 /* SceneDelegate.swift */; };
		3335E5DC2795C742008DF917 /* ViewController.swift in Sources */ = {isa = PBXBuildFile; fileRef = 3335E5DB2795C742008DF917 /* ViewController.swift */; };
		3335E5DF2795C742008DF917 /* Main.storyboard in Resources */ = {isa = PBXBuildFile; fileRef = 3335E5DD2795C742008DF917 /* Main.storyboard */; };
		3335E5E12795C743008DF917 /* Assets.xcassets in Resources */ = {isa = PBXBuildFile; fileRef = 3335E5E02795C743008DF917 /* Assets.xcassets */; };
		3335E5E42795C743008DF917 /* LaunchScreen.storyboard in Resources */ = {isa = PBXBuildFile; fileRef = 3335E5E22795C743008DF917 /* LaunchScreen.storyboard */; };
		3335E5EF2795C743008DF917 /* ReliefTests.swift in Sources */ = {isa = PBXBuildFile; fileRef = 3335E5EE2795C743008DF917 /* ReliefTests.swift */; };
		3335E5FA2795C743008DF917 /* ReliefUITests.swift in Sources */ = {isa = PBXBuildFile; fileRef = 3335E5F92795C743008DF917 /* ReliefUITests.swift */; };
		419C33D327A2EE2300B0F45C /* ModalProfileMassageVC.swift in Sources */ = {isa = PBXBuildFile; fileRef = 419C33D227A2EE2300B0F45C /* ModalProfileMassageVC.swift */; };
		419C33D527A3054F00B0F45C /* HomeUserRecomCell.swift in Sources */ = {isa = PBXBuildFile; fileRef = 419C33D427A3054F00B0F45C /* HomeUserRecomCell.swift */; };
		41ED789E27AC2689004FCBF1 /* TutorialUserController.swift in Sources */ = {isa = PBXBuildFile; fileRef = 41ED789D27AC2689004FCBF1 /* TutorialUserController.swift */; };
		41ED78A027AC2A5B004FCBF1 /* TutorialMassageVC.swift in Sources */ = {isa = PBXBuildFile; fileRef = 41ED789F27AC2A5B004FCBF1 /* TutorialMassageVC.swift */; };
		47D51ED427A1F26A00301DFA /* RecoverPassViewController.swift in Sources */ = {isa = PBXBuildFile; fileRef = 47D51ED327A1F26A00301DFA /* RecoverPassViewController.swift */; };
/* End PBXBuildFile section */

/* Begin PBXContainerItemProxy section */
		3335E5EB2795C743008DF917 /* PBXContainerItemProxy */ = {
			isa = PBXContainerItemProxy;
			containerPortal = 3335E5CC2795C742008DF917 /* Project object */;
			proxyType = 1;
			remoteGlobalIDString = 3335E5D32795C742008DF917;
			remoteInfo = Relief;
		};
		3335E5F62795C743008DF917 /* PBXContainerItemProxy */ = {
			isa = PBXContainerItemProxy;
			containerPortal = 3335E5CC2795C742008DF917 /* Project object */;
			proxyType = 1;
			remoteGlobalIDString = 3335E5D32795C742008DF917;
			remoteInfo = Relief;
		};
/* End PBXContainerItemProxy section */

/* Begin PBXFileReference section */
		191E7ADF27A1B45A000810DE /* PoliticUserVC.swift */ = {isa = PBXFileReference; lastKnownFileType = sourcecode.swift; path = PoliticUserVC.swift; sourceTree = "<group>"; };
		191E7AE127A1B469000810DE /* LegalUserVC.swift */ = {isa = PBXFileReference; lastKnownFileType = sourcecode.swift; path = LegalUserVC.swift; sourceTree = "<group>"; };
		191E7AE327A1BD82000810DE /* ProfileMassageVC.swift */ = {isa = PBXFileReference; lastKnownFileType = sourcecode.swift; path = ProfileMassageVC.swift; sourceTree = "<group>"; };
		191E7AE527A1BDCC000810DE /* ProfileMassageCell.swift */ = {isa = PBXFileReference; lastKnownFileType = sourcecode.swift; path = ProfileMassageCell.swift; sourceTree = "<group>"; };
		191E7AE927A1BE5C000810DE /* PoliticMassageVC.swift */ = {isa = PBXFileReference; lastKnownFileType = sourcecode.swift; path = PoliticMassageVC.swift; sourceTree = "<group>"; };
		191E7AEB27A1BE6E000810DE /* LegalMassageVC.swift */ = {isa = PBXFileReference; lastKnownFileType = sourcecode.swift; path = LegalMassageVC.swift; sourceTree = "<group>"; };
		192318C027A19CBA00B1FAAB /* ModalProfileUserVC.swift */ = {isa = PBXFileReference; lastKnownFileType = sourcecode.swift; path = ModalProfileUserVC.swift; sourceTree = "<group>"; };
		193D149C27A47940005C8B7A /* Fonts */ = {isa = PBXFileReference; lastKnownFileType = folder; path = Fonts; sourceTree = "<group>"; };
		19AD4C8B27A05A57006A3943 /* RegisterViewController.swift */ = {isa = PBXFileReference; lastKnownFileType = sourcecode.swift; path = RegisterViewController.swift; sourceTree = "<group>"; };
		19AD4C8D27A062DB006A3943 /* LoginViewController.swift */ = {isa = PBXFileReference; lastKnownFileType = sourcecode.swift; path = LoginViewController.swift; sourceTree = "<group>"; };
		19AD4C9027A06E2E006A3943 /* Tatiana.storyboard */ = {isa = PBXFileReference; lastKnownFileType = file.storyboard; path = Tatiana.storyboard; sourceTree = "<group>"; };
		19AD4C9227A06E3A006A3943 /* Xavi.storyboard */ = {isa = PBXFileReference; lastKnownFileType = file.storyboard; path = Xavi.storyboard; sourceTree = "<group>"; };
		19AD4C9427A06E4C006A3943 /* Javiergarcia.storyboard */ = {isa = PBXFileReference; lastKnownFileType = file.storyboard; path = Javiergarcia.storyboard; sourceTree = "<group>"; };
		19AD4C9627A06E5F006A3943 /* Javiercabañas.storyboard */ = {isa = PBXFileReference; lastKnownFileType = file.storyboard; path = "Javiercabañas.storyboard"; sourceTree = "<group>"; };
		19B8D2812799CF2100F1EFA9 /* HomeViewController.swift */ = {isa = PBXFileReference; lastKnownFileType = sourcecode.swift; path = HomeViewController.swift; sourceTree = "<group>"; };
		19B8D2832799D02000F1EFA9 /* HomeUserViewController.swift */ = {isa = PBXFileReference; lastKnownFileType = sourcecode.swift; path = HomeUserViewController.swift; sourceTree = "<group>"; };
		19F663C4279F199200F724D4 /* ProfileUserViewController.swift */ = {isa = PBXFileReference; lastKnownFileType = sourcecode.swift; path = ProfileUserViewController.swift; sourceTree = "<group>"; };
		19F663C6279F1AA400F724D4 /* ProfileUserCell.swift */ = {isa = PBXFileReference; lastKnownFileType = sourcecode.swift; path = ProfileUserCell.swift; sourceTree = "<group>"; };
		3335E5D42795C742008DF917 /* Relief.app */ = {isa = PBXFileReference; explicitFileType = wrapper.application; includeInIndex = 0; path = Relief.app; sourceTree = BUILT_PRODUCTS_DIR; };
		3335E5D72795C742008DF917 /* AppDelegate.swift */ = {isa = PBXFileReference; lastKnownFileType = sourcecode.swift; path = AppDelegate.swift; sourceTree = "<group>"; };
		3335E5D92795C742008DF917 /* SceneDelegate.swift */ = {isa = PBXFileReference; lastKnownFileType = sourcecode.swift; path = SceneDelegate.swift; sourceTree = "<group>"; };
		3335E5DB2795C742008DF917 /* ViewController.swift */ = {isa = PBXFileReference; lastKnownFileType = sourcecode.swift; path = ViewController.swift; sourceTree = "<group>"; };
		3335E5DE2795C742008DF917 /* Base */ = {isa = PBXFileReference; lastKnownFileType = file.storyboard; name = Base; path = Base.lproj/Main.storyboard; sourceTree = "<group>"; };
		3335E5E02795C743008DF917 /* Assets.xcassets */ = {isa = PBXFileReference; lastKnownFileType = folder.assetcatalog; path = Assets.xcassets; sourceTree = "<group>"; };
		3335E5E32795C743008DF917 /* Base */ = {isa = PBXFileReference; lastKnownFileType = file.storyboard; name = Base; path = Base.lproj/LaunchScreen.storyboard; sourceTree = "<group>"; };
		3335E5E52795C743008DF917 /* Info.plist */ = {isa = PBXFileReference; lastKnownFileType = text.plist.xml; path = Info.plist; sourceTree = "<group>"; };
		3335E5EA2795C743008DF917 /* ReliefTests.xctest */ = {isa = PBXFileReference; explicitFileType = wrapper.cfbundle; includeInIndex = 0; path = ReliefTests.xctest; sourceTree = BUILT_PRODUCTS_DIR; };
		3335E5EE2795C743008DF917 /* ReliefTests.swift */ = {isa = PBXFileReference; lastKnownFileType = sourcecode.swift; path = ReliefTests.swift; sourceTree = "<group>"; };
		3335E5F02795C743008DF917 /* Info.plist */ = {isa = PBXFileReference; lastKnownFileType = text.plist.xml; path = Info.plist; sourceTree = "<group>"; };
		3335E5F52795C743008DF917 /* ReliefUITests.xctest */ = {isa = PBXFileReference; explicitFileType = wrapper.cfbundle; includeInIndex = 0; path = ReliefUITests.xctest; sourceTree = BUILT_PRODUCTS_DIR; };
		3335E5F92795C743008DF917 /* ReliefUITests.swift */ = {isa = PBXFileReference; lastKnownFileType = sourcecode.swift; path = ReliefUITests.swift; sourceTree = "<group>"; };
		3335E5FB2795C743008DF917 /* Info.plist */ = {isa = PBXFileReference; lastKnownFileType = text.plist.xml; path = Info.plist; sourceTree = "<group>"; };
		419C33D227A2EE2300B0F45C /* ModalProfileMassageVC.swift */ = {isa = PBXFileReference; lastKnownFileType = sourcecode.swift; path = ModalProfileMassageVC.swift; sourceTree = "<group>"; };
		419C33D427A3054F00B0F45C /* HomeUserRecomCell.swift */ = {isa = PBXFileReference; lastKnownFileType = sourcecode.swift; path = HomeUserRecomCell.swift; sourceTree = "<group>"; };
		41ED789D27AC2689004FCBF1 /* TutorialUserController.swift */ = {isa = PBXFileReference; lastKnownFileType = sourcecode.swift; path = TutorialUserController.swift; sourceTree = "<group>"; };
		41ED789F27AC2A5B004FCBF1 /* TutorialMassageVC.swift */ = {isa = PBXFileReference; lastKnownFileType = sourcecode.swift; path = TutorialMassageVC.swift; sourceTree = "<group>"; };
		47D51ED327A1F26A00301DFA /* RecoverPassViewController.swift */ = {isa = PBXFileReference; lastKnownFileType = sourcecode.swift; path = RecoverPassViewController.swift; sourceTree = "<group>"; };
/* End PBXFileReference section */

/* Begin PBXFrameworksBuildPhase section */
		3335E5D12795C742008DF917 /* Frameworks */ = {
			isa = PBXFrameworksBuildPhase;
			buildActionMask = 2147483647;
			files = (
			);
			runOnlyForDeploymentPostprocessing = 0;
		};
		3335E5E72795C743008DF917 /* Frameworks */ = {
			isa = PBXFrameworksBuildPhase;
			buildActionMask = 2147483647;
			files = (
			);
			runOnlyForDeploymentPostprocessing = 0;
		};
		3335E5F22795C743008DF917 /* Frameworks */ = {
			isa = PBXFrameworksBuildPhase;
			buildActionMask = 2147483647;
			files = (
			);
			runOnlyForDeploymentPostprocessing = 0;
		};
/* End PBXFrameworksBuildPhase section */

/* Begin PBXGroup section */
		19AD4C8F27A06D00006A3943 /* Vc */ = {
			isa = PBXGroup;
			children = (
				19AD4C8B27A05A57006A3943 /* RegisterViewController.swift */,
				19AD4C8D27A062DB006A3943 /* LoginViewController.swift */,
				47D51ED327A1F26A00301DFA /* RecoverPassViewController.swift */,
			);
			path = Vc;
			sourceTree = "<group>";
		};
		19AD4C9827A06E64006A3943 /* Storyboards */ = {
			isa = PBXGroup;
			children = (
				19AD4C9027A06E2E006A3943 /* Tatiana.storyboard */,
				19AD4C9227A06E3A006A3943 /* Xavi.storyboard */,
				19AD4C9427A06E4C006A3943 /* Javiergarcia.storyboard */,
				19AD4C9627A06E5F006A3943 /* Javiercabañas.storyboard */,
				3335E5E22795C743008DF917 /* LaunchScreen.storyboard */,
				3335E5DD2795C742008DF917 /* Main.storyboard */,
			);
			path = Storyboards;
			sourceTree = "<group>";
		};
		19B8D2852799D02D00F1EFA9 /* User */ = {
			isa = PBXGroup;
			children = (
				19B8D2832799D02000F1EFA9 /* HomeUserViewController.swift */,
				419C33D427A3054F00B0F45C /* HomeUserRecomCell.swift */,
				19F663C4279F199200F724D4 /* ProfileUserViewController.swift */,
				19F663C6279F1AA400F724D4 /* ProfileUserCell.swift */,
				192318C027A19CBA00B1FAAB /* ModalProfileUserVC.swift */,
				191E7ADF27A1B45A000810DE /* PoliticUserVC.swift */,
				191E7AE127A1B469000810DE /* LegalUserVC.swift */,
				41ED789D27AC2689004FCBF1 /* TutorialUserController.swift */,
			);
			path = User;
			sourceTree = "<group>";
		};
		19B8D2862799D46F00F1EFA9 /* Massage */ = {
			isa = PBXGroup;
			children = (
				191E7AE327A1BD82000810DE /* ProfileMassageVC.swift */,
				19B8D2812799CF2100F1EFA9 /* HomeViewController.swift */,
				191E7AE527A1BDCC000810DE /* ProfileMassageCell.swift */,
				191E7AE927A1BE5C000810DE /* PoliticMassageVC.swift */,
				191E7AEB27A1BE6E000810DE /* LegalMassageVC.swift */,
				419C33D227A2EE2300B0F45C /* ModalProfileMassageVC.swift */,
				41ED789F27AC2A5B004FCBF1 /* TutorialMassageVC.swift */,
			);
			path = Massage;
			sourceTree = "<group>";
		};
		3335E5CB2795C742008DF917 = {
			isa = PBXGroup;
			children = (
				3335E5D62795C742008DF917 /* Relief */,
				3335E5ED2795C743008DF917 /* ReliefTests */,
				3335E5F82795C743008DF917 /* ReliefUITests */,
				3335E5D52795C742008DF917 /* Products */,
			);
			sourceTree = "<group>";
		};
		3335E5D52795C742008DF917 /* Products */ = {
			isa = PBXGroup;
			children = (
				3335E5D42795C742008DF917 /* Relief.app */,
				3335E5EA2795C743008DF917 /* ReliefTests.xctest */,
				3335E5F52795C743008DF917 /* ReliefUITests.xctest */,
			);
			name = Products;
			sourceTree = "<group>";
		};
		3335E5D62795C742008DF917 /* Relief */ = {
			isa = PBXGroup;
			children = (
				193D149C27A47940005C8B7A /* Fonts */,
				19AD4C9827A06E64006A3943 /* Storyboards */,
				19AD4C8F27A06D00006A3943 /* Vc */,
				19B8D2852799D02D00F1EFA9 /* User */,
				19B8D2862799D46F00F1EFA9 /* Massage */,
				3335E5D72795C742008DF917 /* AppDelegate.swift */,
				3335E5D92795C742008DF917 /* SceneDelegate.swift */,
				3335E5DB2795C742008DF917 /* ViewController.swift */,
				3335E5E02795C743008DF917 /* Assets.xcassets */,
				3335E5E52795C743008DF917 /* Info.plist */,
			);
			path = Relief;
			sourceTree = "<group>";
		};
		3335E5ED2795C743008DF917 /* ReliefTests */ = {
			isa = PBXGroup;
			children = (
				3335E5EE2795C743008DF917 /* ReliefTests.swift */,
				3335E5F02795C743008DF917 /* Info.plist */,
			);
			path = ReliefTests;
			sourceTree = "<group>";
		};
		3335E5F82795C743008DF917 /* ReliefUITests */ = {
			isa = PBXGroup;
			children = (
				3335E5F92795C743008DF917 /* ReliefUITests.swift */,
				3335E5FB2795C743008DF917 /* Info.plist */,
			);
			path = ReliefUITests;
			sourceTree = "<group>";
		};
/* End PBXGroup section */

/* Begin PBXNativeTarget section */
		3335E5D32795C742008DF917 /* Relief */ = {
			isa = PBXNativeTarget;
			buildConfigurationList = 3335E5FE2795C743008DF917 /* Build configuration list for PBXNativeTarget "Relief" */;
			buildPhases = (
				3335E5D02795C742008DF917 /* Sources */,
				3335E5D12795C742008DF917 /* Frameworks */,
				3335E5D22795C742008DF917 /* Resources */,
			);
			buildRules = (
			);
			dependencies = (
			);
			name = Relief;
			productName = Relief;
			productReference = 3335E5D42795C742008DF917 /* Relief.app */;
			productType = "com.apple.product-type.application";
		};
		3335E5E92795C743008DF917 /* ReliefTests */ = {
			isa = PBXNativeTarget;
			buildConfigurationList = 3335E6012795C743008DF917 /* Build configuration list for PBXNativeTarget "ReliefTests" */;
			buildPhases = (
				3335E5E62795C743008DF917 /* Sources */,
				3335E5E72795C743008DF917 /* Frameworks */,
				3335E5E82795C743008DF917 /* Resources */,
			);
			buildRules = (
			);
			dependencies = (
				3335E5EC2795C743008DF917 /* PBXTargetDependency */,
			);
			name = ReliefTests;
			productName = ReliefTests;
			productReference = 3335E5EA2795C743008DF917 /* ReliefTests.xctest */;
			productType = "com.apple.product-type.bundle.unit-test";
		};
		3335E5F42795C743008DF917 /* ReliefUITests */ = {
			isa = PBXNativeTarget;
			buildConfigurationList = 3335E6042795C743008DF917 /* Build configuration list for PBXNativeTarget "ReliefUITests" */;
			buildPhases = (
				3335E5F12795C743008DF917 /* Sources */,
				3335E5F22795C743008DF917 /* Frameworks */,
				3335E5F32795C743008DF917 /* Resources */,
			);
			buildRules = (
			);
			dependencies = (
				3335E5F72795C743008DF917 /* PBXTargetDependency */,
			);
			name = ReliefUITests;
			productName = ReliefUITests;
			productReference = 3335E5F52795C743008DF917 /* ReliefUITests.xctest */;
			productType = "com.apple.product-type.bundle.ui-testing";
		};
/* End PBXNativeTarget section */

/* Begin PBXProject section */
		3335E5CC2795C742008DF917 /* Project object */ = {
			isa = PBXProject;
			attributes = {
				LastSwiftUpdateCheck = 1250;
				LastUpgradeCheck = 1250;
				TargetAttributes = {
					3335E5D32795C742008DF917 = {
						CreatedOnToolsVersion = 12.5.1;
					};
					3335E5E92795C743008DF917 = {
						CreatedOnToolsVersion = 12.5.1;
						TestTargetID = 3335E5D32795C742008DF917;
					};
					3335E5F42795C743008DF917 = {
						CreatedOnToolsVersion = 12.5.1;
						TestTargetID = 3335E5D32795C742008DF917;
					};
				};
			};
			buildConfigurationList = 3335E5CF2795C742008DF917 /* Build configuration list for PBXProject "Relief" */;
			compatibilityVersion = "Xcode 9.3";
			developmentRegion = en;
			hasScannedForEncodings = 0;
			knownRegions = (
				en,
				Base,
			);
			mainGroup = 3335E5CB2795C742008DF917;
			productRefGroup = 3335E5D52795C742008DF917 /* Products */;
			projectDirPath = "";
			projectRoot = "";
			targets = (
				3335E5D32795C742008DF917 /* Relief */,
				3335E5E92795C743008DF917 /* ReliefTests */,
				3335E5F42795C743008DF917 /* ReliefUITests */,
			);
		};
/* End PBXProject section */

/* Begin PBXResourcesBuildPhase section */
		3335E5D22795C742008DF917 /* Resources */ = {
			isa = PBXResourcesBuildPhase;
			buildActionMask = 2147483647;
			files = (
				3335E5E42795C743008DF917 /* LaunchScreen.storyboard in Resources */,
				3335E5E12795C743008DF917 /* Assets.xcassets in Resources */,
				19AD4C9327A06E3A006A3943 /* Xavi.storyboard in Resources */,
				3335E5DF2795C742008DF917 /* Main.storyboard in Resources */,
				19AD4C9527A06E4C006A3943 /* Javiergarcia.storyboard in Resources */,
				19AD4C9127A06E2E006A3943 /* Tatiana.storyboard in Resources */,
				19AD4C9727A06E5F006A3943 /* Javiercabañas.storyboard in Resources */,
				193D149D27A47941005C8B7A /* Fonts in Resources */,
			);
			runOnlyForDeploymentPostprocessing = 0;
		};
		3335E5E82795C743008DF917 /* Resources */ = {
			isa = PBXResourcesBuildPhase;
			buildActionMask = 2147483647;
			files = (
			);
			runOnlyForDeploymentPostprocessing = 0;
		};
		3335E5F32795C743008DF917 /* Resources */ = {
			isa = PBXResourcesBuildPhase;
			buildActionMask = 2147483647;
			files = (
			);
			runOnlyForDeploymentPostprocessing = 0;
		};
/* End PBXResourcesBuildPhase section */

/* Begin PBXSourcesBuildPhase section */
		3335E5D02795C742008DF917 /* Sources */ = {
			isa = PBXSourcesBuildPhase;
			buildActionMask = 2147483647;
			files = (
				419C33D527A3054F00B0F45C /* HomeUserRecomCell.swift in Sources */,
				19AD4C8E27A062DB006A3943 /* LoginViewController.swift in Sources */,
				19F663C7279F1AA400F724D4 /* ProfileUserCell.swift in Sources */,
				3335E5DC2795C742008DF917 /* ViewController.swift in Sources */,
				192318C127A19CBA00B1FAAB /* ModalProfileUserVC.swift in Sources */,
				191E7AE027A1B45A000810DE /* PoliticUserVC.swift in Sources */,
				41ED789E27AC2689004FCBF1 /* TutorialUserController.swift in Sources */,
				191E7AE227A1B469000810DE /* LegalUserVC.swift in Sources */,
				191E7AE427A1BD82000810DE /* ProfileMassageVC.swift in Sources */,
				3335E5D82795C742008DF917 /* AppDelegate.swift in Sources */,
				191E7AEC27A1BE6E000810DE /* LegalMassageVC.swift in Sources */,
				19AD4C8C27A05A57006A3943 /* RegisterViewController.swift in Sources */,
				19F663C5279F199200F724D4 /* ProfileUserViewController.swift in Sources */,
				41ED78A027AC2A5B004FCBF1 /* TutorialMassageVC.swift in Sources */,
				47D51ED427A1F26A00301DFA /* RecoverPassViewController.swift in Sources */,
				19B8D2842799D02000F1EFA9 /* HomeUserViewController.swift in Sources */,
				3335E5DA2795C742008DF917 /* SceneDelegate.swift in Sources */,
				419C33D327A2EE2300B0F45C /* ModalProfileMassageVC.swift in Sources */,
				19B8D2822799CF2100F1EFA9 /* HomeViewController.swift in Sources */,
				191E7AE627A1BDCC000810DE /* ProfileMassageCell.swift in Sources */,
				191E7AEA27A1BE5C000810DE /* PoliticMassageVC.swift in Sources */,
			);
			runOnlyForDeploymentPostprocessing = 0;
		};
		3335E5E62795C743008DF917 /* Sources */ = {
			isa = PBXSourcesBuildPhase;
			buildActionMask = 2147483647;
			files = (
				3335E5EF2795C743008DF917 /* ReliefTests.swift in Sources */,
			);
			runOnlyForDeploymentPostprocessing = 0;
		};
		3335E5F12795C743008DF917 /* Sources */ = {
			isa = PBXSourcesBuildPhase;
			buildActionMask = 2147483647;
			files = (
				3335E5FA2795C743008DF917 /* ReliefUITests.swift in Sources */,
			);
			runOnlyForDeploymentPostprocessing = 0;
		};
/* End PBXSourcesBuildPhase section */

/* Begin PBXTargetDependency section */
		3335E5EC2795C743008DF917 /* PBXTargetDependency */ = {
			isa = PBXTargetDependency;
			target = 3335E5D32795C742008DF917 /* Relief */;
			targetProxy = 3335E5EB2795C743008DF917 /* PBXContainerItemProxy */;
		};
		3335E5F72795C743008DF917 /* PBXTargetDependency */ = {
			isa = PBXTargetDependency;
			target = 3335E5D32795C742008DF917 /* Relief */;
			targetProxy = 3335E5F62795C743008DF917 /* PBXContainerItemProxy */;
		};
/* End PBXTargetDependency section */

/* Begin PBXVariantGroup section */
		3335E5DD2795C742008DF917 /* Main.storyboard */ = {
			isa = PBXVariantGroup;
			children = (
				3335E5DE2795C742008DF917 /* Base */,
			);
			name = Main.storyboard;
			sourceTree = "<group>";
		};
		3335E5E22795C743008DF917 /* LaunchScreen.storyboard */ = {
			isa = PBXVariantGroup;
			children = (
				3335E5E32795C743008DF917 /* Base */,
			);
			name = LaunchScreen.storyboard;
			sourceTree = "<group>";
		};
/* End PBXVariantGroup section */

/* Begin XCBuildConfiguration section */
		3335E5FC2795C743008DF917 /* Debug */ = {
			isa = XCBuildConfiguration;
			buildSettings = {
				ALWAYS_SEARCH_USER_PATHS = NO;
				CLANG_ANALYZER_NONNULL = YES;
				CLANG_ANALYZER_NUMBER_OBJECT_CONVERSION = YES_AGGRESSIVE;
				CLANG_CXX_LANGUAGE_STANDARD = "gnu++14";
				CLANG_CXX_LIBRARY = "libc++";
				CLANG_ENABLE_MODULES = YES;
				CLANG_ENABLE_OBJC_ARC = YES;
				CLANG_ENABLE_OBJC_WEAK = YES;
				CLANG_WARN_BLOCK_CAPTURE_AUTORELEASING = YES;
				CLANG_WARN_BOOL_CONVERSION = YES;
				CLANG_WARN_COMMA = YES;
				CLANG_WARN_CONSTANT_CONVERSION = YES;
				CLANG_WARN_DEPRECATED_OBJC_IMPLEMENTATIONS = YES;
				CLANG_WARN_DIRECT_OBJC_ISA_USAGE = YES_ERROR;
				CLANG_WARN_DOCUMENTATION_COMMENTS = YES;
				CLANG_WARN_EMPTY_BODY = YES;
				CLANG_WARN_ENUM_CONVERSION = YES;
				CLANG_WARN_INFINITE_RECURSION = YES;
				CLANG_WARN_INT_CONVERSION = YES;
				CLANG_WARN_NON_LITERAL_NULL_CONVERSION = YES;
				CLANG_WARN_OBJC_IMPLICIT_RETAIN_SELF = YES;
				CLANG_WARN_OBJC_LITERAL_CONVERSION = YES;
				CLANG_WARN_OBJC_ROOT_CLASS = YES_ERROR;
				CLANG_WARN_QUOTED_INCLUDE_IN_FRAMEWORK_HEADER = YES;
				CLANG_WARN_RANGE_LOOP_ANALYSIS = YES;
				CLANG_WARN_STRICT_PROTOTYPES = YES;
				CLANG_WARN_SUSPICIOUS_MOVE = YES;
				CLANG_WARN_UNGUARDED_AVAILABILITY = YES_AGGRESSIVE;
				CLANG_WARN_UNREACHABLE_CODE = YES;
				CLANG_WARN__DUPLICATE_METHOD_MATCH = YES;
				COPY_PHASE_STRIP = NO;
				DEBUG_INFORMATION_FORMAT = dwarf;
				ENABLE_STRICT_OBJC_MSGSEND = YES;
				ENABLE_TESTABILITY = YES;
				GCC_C_LANGUAGE_STANDARD = gnu11;
				GCC_DYNAMIC_NO_PIC = NO;
				GCC_NO_COMMON_BLOCKS = YES;
				GCC_OPTIMIZATION_LEVEL = 0;
				GCC_PREPROCESSOR_DEFINITIONS = (
					"DEBUG=1",
					"$(inherited)",
				);
				GCC_WARN_64_TO_32_BIT_CONVERSION = YES;
				GCC_WARN_ABOUT_RETURN_TYPE = YES_ERROR;
				GCC_WARN_UNDECLARED_SELECTOR = YES;
				GCC_WARN_UNINITIALIZED_AUTOS = YES_AGGRESSIVE;
				GCC_WARN_UNUSED_FUNCTION = YES;
				GCC_WARN_UNUSED_VARIABLE = YES;
				IPHONEOS_DEPLOYMENT_TARGET = 14.5;
				MTL_ENABLE_DEBUG_INFO = INCLUDE_SOURCE;
				MTL_FAST_MATH = YES;
				ONLY_ACTIVE_ARCH = YES;
				SDKROOT = iphoneos;
				SWIFT_ACTIVE_COMPILATION_CONDITIONS = DEBUG;
				SWIFT_OPTIMIZATION_LEVEL = "-Onone";
			};
			name = Debug;
		};
		3335E5FD2795C743008DF917 /* Release */ = {
			isa = XCBuildConfiguration;
			buildSettings = {
				ALWAYS_SEARCH_USER_PATHS = NO;
				CLANG_ANALYZER_NONNULL = YES;
				CLANG_ANALYZER_NUMBER_OBJECT_CONVERSION = YES_AGGRESSIVE;
				CLANG_CXX_LANGUAGE_STANDARD = "gnu++14";
				CLANG_CXX_LIBRARY = "libc++";
				CLANG_ENABLE_MODULES = YES;
				CLANG_ENABLE_OBJC_ARC = YES;
				CLANG_ENABLE_OBJC_WEAK = YES;
				CLANG_WARN_BLOCK_CAPTURE_AUTORELEASING = YES;
				CLANG_WARN_BOOL_CONVERSION = YES;
				CLANG_WARN_COMMA = YES;
				CLANG_WARN_CONSTANT_CONVERSION = YES;
				CLANG_WARN_DEPRECATED_OBJC_IMPLEMENTATIONS = YES;
				CLANG_WARN_DIRECT_OBJC_ISA_USAGE = YES_ERROR;
				CLANG_WARN_DOCUMENTATION_COMMENTS = YES;
				CLANG_WARN_EMPTY_BODY = YES;
				CLANG_WARN_ENUM_CONVERSION = YES;
				CLANG_WARN_INFINITE_RECURSION = YES;
				CLANG_WARN_INT_CONVERSION = YES;
				CLANG_WARN_NON_LITERAL_NULL_CONVERSION = YES;
				CLANG_WARN_OBJC_IMPLICIT_RETAIN_SELF = YES;
				CLANG_WARN_OBJC_LITERAL_CONVERSION = YES;
				CLANG_WARN_OBJC_ROOT_CLASS = YES_ERROR;
				CLANG_WARN_QUOTED_INCLUDE_IN_FRAMEWORK_HEADER = YES;
				CLANG_WARN_RANGE_LOOP_ANALYSIS = YES;
				CLANG_WARN_STRICT_PROTOTYPES = YES;
				CLANG_WARN_SUSPICIOUS_MOVE = YES;
				CLANG_WARN_UNGUARDED_AVAILABILITY = YES_AGGRESSIVE;
				CLANG_WARN_UNREACHABLE_CODE = YES;
				CLANG_WARN__DUPLICATE_METHOD_MATCH = YES;
				COPY_PHASE_STRIP = NO;
				DEBUG_INFORMATION_FORMAT = "dwarf-with-dsym";
				ENABLE_NS_ASSERTIONS = NO;
				ENABLE_STRICT_OBJC_MSGSEND = YES;
				GCC_C_LANGUAGE_STANDARD = gnu11;
				GCC_NO_COMMON_BLOCKS = YES;
				GCC_WARN_64_TO_32_BIT_CONVERSION = YES;
				GCC_WARN_ABOUT_RETURN_TYPE = YES_ERROR;
				GCC_WARN_UNDECLARED_SELECTOR = YES;
				GCC_WARN_UNINITIALIZED_AUTOS = YES_AGGRESSIVE;
				GCC_WARN_UNUSED_FUNCTION = YES;
				GCC_WARN_UNUSED_VARIABLE = YES;
				IPHONEOS_DEPLOYMENT_TARGET = 14.5;
				MTL_ENABLE_DEBUG_INFO = NO;
				MTL_FAST_MATH = YES;
				SDKROOT = iphoneos;
				SWIFT_COMPILATION_MODE = wholemodule;
				SWIFT_OPTIMIZATION_LEVEL = "-O";
				VALIDATE_PRODUCT = YES;
			};
			name = Release;
		};
		3335E5FF2795C743008DF917 /* Debug */ = {
			isa = XCBuildConfiguration;
			buildSettings = {
				ASSETCATALOG_COMPILER_APPICON_NAME = AppIcon;
				ASSETCATALOG_COMPILER_GLOBAL_ACCENT_COLOR_NAME = AccentColor;
				CODE_SIGN_STYLE = Automatic;
				DEVELOPMENT_TEAM = 5GSTMD964Z;
				INFOPLIST_FILE = Relief/Info.plist;
				LD_RUNPATH_SEARCH_PATHS = (
					"$(inherited)",
					"@executable_path/Frameworks",
				);
				PRODUCT_BUNDLE_IDENTIFIER = Relief.Relief;
				PRODUCT_NAME = "$(TARGET_NAME)";
				SWIFT_VERSION = 5.0;
				TARGETED_DEVICE_FAMILY = 1;
			};
			name = Debug;
		};
		3335E6002795C743008DF917 /* Release */ = {
			isa = XCBuildConfiguration;
			buildSettings = {
				ASSETCATALOG_COMPILER_APPICON_NAME = AppIcon;
				ASSETCATALOG_COMPILER_GLOBAL_ACCENT_COLOR_NAME = AccentColor;
				CODE_SIGN_STYLE = Automatic;
				DEVELOPMENT_TEAM = 5GSTMD964Z;
				INFOPLIST_FILE = Relief/Info.plist;
				LD_RUNPATH_SEARCH_PATHS = (
					"$(inherited)",
					"@executable_path/Frameworks",
				);
				PRODUCT_BUNDLE_IDENTIFIER = Relief.Relief;
				PRODUCT_NAME = "$(TARGET_NAME)";
				SWIFT_VERSION = 5.0;
				TARGETED_DEVICE_FAMILY = 1;
			};
			name = Release;
		};
		3335E6022795C743008DF917 /* Debug */ = {
			isa = XCBuildConfiguration;
			buildSettings = {
				ALWAYS_EMBED_SWIFT_STANDARD_LIBRARIES = YES;
				BUNDLE_LOADER = "$(TEST_HOST)";
				CODE_SIGN_STYLE = Automatic;
				INFOPLIST_FILE = ReliefTests/Info.plist;
				IPHONEOS_DEPLOYMENT_TARGET = 14.5;
				LD_RUNPATH_SEARCH_PATHS = (
					"$(inherited)",
					"@executable_path/Frameworks",
					"@loader_path/Frameworks",
				);
				PRODUCT_BUNDLE_IDENTIFIER = Relief.ReliefTests;
				PRODUCT_NAME = "$(TARGET_NAME)";
				SWIFT_VERSION = 5.0;
				TARGETED_DEVICE_FAMILY = "1,2";
				TEST_HOST = "$(BUILT_PRODUCTS_DIR)/Relief.app/Relief";
			};
			name = Debug;
		};
		3335E6032795C743008DF917 /* Release */ = {
			isa = XCBuildConfiguration;
			buildSettings = {
				ALWAYS_EMBED_SWIFT_STANDARD_LIBRARIES = YES;
				BUNDLE_LOADER = "$(TEST_HOST)";
				CODE_SIGN_STYLE = Automatic;
				INFOPLIST_FILE = ReliefTests/Info.plist;
				IPHONEOS_DEPLOYMENT_TARGET = 14.5;
				LD_RUNPATH_SEARCH_PATHS = (
					"$(inherited)",
					"@executable_path/Frameworks",
					"@loader_path/Frameworks",
				);
				PRODUCT_BUNDLE_IDENTIFIER = Relief.ReliefTests;
				PRODUCT_NAME = "$(TARGET_NAME)";
				SWIFT_VERSION = 5.0;
				TARGETED_DEVICE_FAMILY = "1,2";
				TEST_HOST = "$(BUILT_PRODUCTS_DIR)/Relief.app/Relief";
			};
			name = Release;
		};
		3335E6052795C743008DF917 /* Debug */ = {
			isa = XCBuildConfiguration;
			buildSettings = {
				ALWAYS_EMBED_SWIFT_STANDARD_LIBRARIES = YES;
				CODE_SIGN_STYLE = Automatic;
				INFOPLIST_FILE = ReliefUITests/Info.plist;
				LD_RUNPATH_SEARCH_PATHS = (
					"$(inherited)",
					"@executable_path/Frameworks",
					"@loader_path/Frameworks",
				);
				PRODUCT_BUNDLE_IDENTIFIER = Relief.ReliefUITests;
				PRODUCT_NAME = "$(TARGET_NAME)";
				SWIFT_VERSION = 5.0;
				TARGETED_DEVICE_FAMILY = "1,2";
				TEST_TARGET_NAME = Relief;
			};
			name = Debug;
		};
		3335E6062795C743008DF917 /* Release */ = {
			isa = XCBuildConfiguration;
			buildSettings = {
				ALWAYS_EMBED_SWIFT_STANDARD_LIBRARIES = YES;
				CODE_SIGN_STYLE = Automatic;
				INFOPLIST_FILE = ReliefUITests/Info.plist;
				LD_RUNPATH_SEARCH_PATHS = (
					"$(inherited)",
					"@executable_path/Frameworks",
					"@loader_path/Frameworks",
				);
				PRODUCT_BUNDLE_IDENTIFIER = Relief.ReliefUITests;
				PRODUCT_NAME = "$(TARGET_NAME)";
				SWIFT_VERSION = 5.0;
				TARGETED_DEVICE_FAMILY = "1,2";
				TEST_TARGET_NAME = Relief;
			};
			name = Release;
		};
/* End XCBuildConfiguration section */

/* Begin XCConfigurationList section */
		3335E5CF2795C742008DF917 /* Build configuration list for PBXProject "Relief" */ = {
			isa = XCConfigurationList;
			buildConfigurations = (
				3335E5FC2795C743008DF917 /* Debug */,
				3335E5FD2795C743008DF917 /* Release */,
			);
			defaultConfigurationIsVisible = 0;
			defaultConfigurationName = Release;
		};
		3335E5FE2795C743008DF917 /* Build configuration list for PBXNativeTarget "Relief" */ = {
			isa = XCConfigurationList;
			buildConfigurations = (
				3335E5FF2795C743008DF917 /* Debug */,
				3335E6002795C743008DF917 /* Release */,
			);
			defaultConfigurationIsVisible = 0;
			defaultConfigurationName = Release;
		};
		3335E6012795C743008DF917 /* Build configuration list for PBXNativeTarget "ReliefTests" */ = {
			isa = XCConfigurationList;
			buildConfigurations = (
				3335E6022795C743008DF917 /* Debug */,
				3335E6032795C743008DF917 /* Release */,
			);
			defaultConfigurationIsVisible = 0;
			defaultConfigurationName = Release;
		};
		3335E6042795C743008DF917 /* Build configuration list for PBXNativeTarget "ReliefUITests" */ = {
			isa = XCConfigurationList;
			buildConfigurations = (
				3335E6052795C743008DF917 /* Debug */,
				3335E6062795C743008DF917 /* Release */,
			);
			defaultConfigurationIsVisible = 0;
			defaultConfigurationName = Release;
		};
/* End XCConfigurationList section */
	};
	rootObject = 3335E5CC2795C742008DF917 /* Project object */;
}
